<?xml version="1.0" encoding="UTF-8" standalone="yes" ?>
<CodeBlocks_project_file>
	<FileVersion major="1" minor="6" />
	<Project>
		<Option title="Sic" />
		<Option pch_mode="2" />
		<Option compiler="gcc" />
		<Build>
			<Target title="Debug">
				<Option output="bin/Debug/Sic" prefix_auto="1" extension_auto="1" />
				<Option object_output="obj/Debug/" />
				<Option type="1" />
				<Option compiler="gcc" />
				<Compiler>
					<Add option="-g" />
				</Compiler>
			</Target>
			<Target title="Release">
				<Option output="bin/Release/Sic" prefix_auto="1" extension_auto="1" />
				<Option object_output="obj/Release/" />
				<Option type="1" />
				<Option compiler="gcc" />
				<Compiler>
					<Add option="-O2" />
				</Compiler>
				<Linker>
					<Add option="-s" />
				</Linker>
			</Target>
		</Build>
		<Compiler>
			<Add option="-Wall" />
			<Add option="-fexceptions" />
		</Compiler>
		<Unit filename="Chek_if_Dec.H" />
		<Unit filename="Chek_if_Dec.cpp" />
		<Unit filename="Expression_Calculator.cpp" />
		<Unit filename="Expression_Calculator.h" />
		<Unit filename="Extend_Logic_litera_or_equ_base.cpp" />
		<Unit filename="Extend_Logic_litera_or_equ_base.h" />
		<Unit filename="Input_Data_In_Vector_Logic_Only.cpp" />
		<Unit filename="Input_Data_In_Vector_Logic_Only.h" />
		<Unit filename="Is_Found_Functions.cpp" />
		<Unit filename="Is_Found_Functions.h" />
		<Unit filename="Literal_Adder_Loc_Counter.cpp" />
		<Unit filename="Literal_Adder_Loc_Counter.h" />
		<Unit filename="Literal_Table.h" />
		<Unit filename="Obj_Code_Fix_Exced_6.cpp" />
		<Unit filename="Obj_Code_Fix_Exced_6.h" />
		<Unit filename="Object_code_creator.cpp" />
		<Unit filename="Object_code_creator.h" />
		<Unit filename="Object_code_flags.cpp" />
		<Unit filename="Object_code_flags.h" />
		<Unit filename="Prog_Length.cpp" />
		<Unit filename="Prog_Length.h" />
		<Unit filename="Set_Data_In_Vector_Physically.cpp" />
		<Unit filename="Set_Data_In_Vector_Physically.h" />
		<Unit filename="String _To_Opcode_Fit_8.cpp" />
		<Unit filename="String _To_Opcode_Fit_8.h" />
		<Unit filename="Symbol_Table.h" />
		<Unit filename="currentline_divide_strings.cpp" />
		<Unit filename="currentline_divide_strings.h" />
		<Unit filename="formate_two_register_values.cpp" />
		<Unit filename="formate_two_register_values.h" />
		<Unit filename="hex_inc_dec.cpp" />
		<Unit filename="hex_inc_dec.h" />
		<Unit filename="hex_indirect_addressing_changer.cpp" />
		<Unit filename="hex_indirect_addressing_changer.h" />
		<Unit filename="instruction_find.cpp" />
		<Unit filename="instruction_find.h" />
		<Unit filename="main.cpp" />
		<Unit filename="pass1.cpp" />
		<Unit filename="pass1.h" />
		<Unit filename="pass2.cpp" />
		<Unit filename="pass2.h" />
		<Unit filename="scan.cpp" />
		<Unit filename="scan.h" />
		<Unit filename="testoooo.cpp" />
		<Unit filename="testoooo.h" />
		<Extensions>
			<code_completion />
			<envvars />
			<debugger />
		</Extensions>
	</Project>
</CodeBlocks_project_file>
